
Microsoft Visual Studio Solution File, Format Version 12.00
# Visual Studio Version 16
VisualStudioVersion = 16.0.31112.23
MinimumVisualStudioVersion = 10.0.40219.1
Project("{2150E333-8FDC-42A3-9474-1A3956D46DE8}") = "Application", "Application", "{57FD9230-9E81-4368-AFEF-01E6DDBAA638}"
EndProject
Project("{2150E333-8FDC-42A3-9474-1A3956D46DE8}") = "Core", "Core", "{D4E4123E-0279-4477-ACA2-312FBBFA504F}"
EndProject
Project("{2150E333-8FDC-42A3-9474-1A3956D46DE8}") = "Infrastructure", "Infrastructure", "{72D45900-3124-4C02-8890-BF498D617260}"
EndProject
Project("{9A19103F-16F7-4668-BE54-9A1E7A4F7556}") = "ProductPriceStatistics.ScraperService", "Core\ProductPriceStatistics.ScraperService\ProductPriceStatistics.ScraperService.csproj", "{4AEE66B3-E6CF-4401-9750-83EE5FCFFE70}"
EndProject
Project("{9A19103F-16F7-4668-BE54-9A1E7A4F7556}") = "ProductPriceStatistics.Core", "Core\ProductPriceStatistics.Core\ProductPriceStatistics.Core.csproj", "{32ABD2D4-E2C3-451D-817A-B836F7182B97}"
EndProject
Project("{9A19103F-16F7-4668-BE54-9A1E7A4F7556}") = "ProductPriceStatistics.Infrastructure.EFCoreRepository", "Infrastructure\ProductPriceStatistics.Infrastructure.EFCoreRepository\ProductPriceStatistics.Infrastructure.EFCoreRepository.csproj", "{94E4A35B-EB49-4BCA-B921-98CB58C450F6}"
EndProject
Project("{9A19103F-16F7-4668-BE54-9A1E7A4F7556}") = "ProductPriceStatistics.Infrastructure.EFCoreRepository.Tests", "Tests\ProductPriceStatistics.Infrastructure.EFCoreRepository.Tests\ProductPriceStatistics.Infrastructure.EFCoreRepository.Tests.csproj", "{FBD84565-74F2-4167-B8E3-2764DE6BBC8B}"
EndProject
Project("{2150E333-8FDC-42A3-9474-1A3956D46DE8}") = "Tests", "Tests", "{02CE0291-3E4F-4EC0-ADFA-CD65396B7A1E}"
EndProject
Project("{9A19103F-16F7-4668-BE54-9A1E7A4F7556}") = "ProductPriceStatistics.ScraperWorkerService", "Application\ProductPriceStatistics.ScraperWorkerService\ProductPriceStatistics.ScraperWorkerService.csproj", "{98FB63FF-E7F7-4608-96E9-3A632C882543}"
EndProject
Project("{9A19103F-16F7-4668-BE54-9A1E7A4F7556}") = "ProductPriceStatistics.ScraperService.Tests", "Tests\ProductPriceStatistics.ScraperService.Tests\ProductPriceStatistics.ScraperService.Tests.csproj", "{4701E647-C944-4670-9BFA-1F8AF84720E4}"
EndProject
Project("{9A19103F-16F7-4668-BE54-9A1E7A4F7556}") = "ProductPriceStatistics.WebApi", "Application\ProductPriceStatistics.WebApi\ProductPriceStatistics.WebApi.csproj", "{065F60D3-B2DA-4CE1-80C7-2EF5F97BAA56}"
EndProject
Global
	GlobalSection(SolutionConfigurationPlatforms) = preSolution
		Debug|Any CPU = Debug|Any CPU
		Release|Any CPU = Release|Any CPU
	EndGlobalSection
	GlobalSection(ProjectConfigurationPlatforms) = postSolution
		{4AEE66B3-E6CF-4401-9750-83EE5FCFFE70}.Debug|Any CPU.ActiveCfg = Debug|Any CPU
		{4AEE66B3-E6CF-4401-9750-83EE5FCFFE70}.Debug|Any CPU.Build.0 = Debug|Any CPU
		{4AEE66B3-E6CF-4401-9750-83EE5FCFFE70}.Release|Any CPU.ActiveCfg = Release|Any CPU
		{4AEE66B3-E6CF-4401-9750-83EE5FCFFE70}.Release|Any CPU.Build.0 = Release|Any CPU
		{32ABD2D4-E2C3-451D-817A-B836F7182B97}.Debug|Any CPU.ActiveCfg = Debug|Any CPU
		{32ABD2D4-E2C3-451D-817A-B836F7182B97}.Debug|Any CPU.Build.0 = Debug|Any CPU
		{32ABD2D4-E2C3-451D-817A-B836F7182B97}.Release|Any CPU.ActiveCfg = Release|Any CPU
		{32ABD2D4-E2C3-451D-817A-B836F7182B97}.Release|Any CPU.Build.0 = Release|Any CPU
		{94E4A35B-EB49-4BCA-B921-98CB58C450F6}.Debug|Any CPU.ActiveCfg = Debug|Any CPU
		{94E4A35B-EB49-4BCA-B921-98CB58C450F6}.Debug|Any CPU.Build.0 = Debug|Any CPU
		{94E4A35B-EB49-4BCA-B921-98CB58C450F6}.Release|Any CPU.ActiveCfg = Release|Any CPU
		{94E4A35B-EB49-4BCA-B921-98CB58C450F6}.Release|Any CPU.Build.0 = Release|Any CPU
		{FBD84565-74F2-4167-B8E3-2764DE6BBC8B}.Debug|Any CPU.ActiveCfg = Debug|Any CPU
		{FBD84565-74F2-4167-B8E3-2764DE6BBC8B}.Debug|Any CPU.Build.0 = Debug|Any CPU
		{FBD84565-74F2-4167-B8E3-2764DE6BBC8B}.Release|Any CPU.ActiveCfg = Release|Any CPU
		{FBD84565-74F2-4167-B8E3-2764DE6BBC8B}.Release|Any CPU.Build.0 = Release|Any CPU
		{98FB63FF-E7F7-4608-96E9-3A632C882543}.Debug|Any CPU.ActiveCfg = Debug|Any CPU
		{98FB63FF-E7F7-4608-96E9-3A632C882543}.Debug|Any CPU.Build.0 = Debug|Any CPU
		{98FB63FF-E7F7-4608-96E9-3A632C882543}.Release|Any CPU.ActiveCfg = Release|Any CPU
		{98FB63FF-E7F7-4608-96E9-3A632C882543}.Release|Any CPU.Build.0 = Release|Any CPU
		{4701E647-C944-4670-9BFA-1F8AF84720E4}.Debug|Any CPU.ActiveCfg = Debug|Any CPU
		{4701E647-C944-4670-9BFA-1F8AF84720E4}.Debug|Any CPU.Build.0 = Debug|Any CPU
		{4701E647-C944-4670-9BFA-1F8AF84720E4}.Release|Any CPU.ActiveCfg = Release|Any CPU
		{4701E647-C944-4670-9BFA-1F8AF84720E4}.Release|Any CPU.Build.0 = Release|Any CPU
		{065F60D3-B2DA-4CE1-80C7-2EF5F97BAA56}.Debug|Any CPU.ActiveCfg = Debug|Any CPU
		{065F60D3-B2DA-4CE1-80C7-2EF5F97BAA56}.Debug|Any CPU.Build.0 = Debug|Any CPU
		{065F60D3-B2DA-4CE1-80C7-2EF5F97BAA56}.Release|Any CPU.ActiveCfg = Release|Any CPU
		{065F60D3-B2DA-4CE1-80C7-2EF5F97BAA56}.Release|Any CPU.Build.0 = Release|Any CPU
	EndGlobalSection
	GlobalSection(SolutionProperties) = preSolution
		HideSolutionNode = FALSE
	EndGlobalSection
	GlobalSection(NestedProjects) = preSolution
		{4AEE66B3-E6CF-4401-9750-83EE5FCFFE70} = {D4E4123E-0279-4477-ACA2-312FBBFA504F}
		{32ABD2D4-E2C3-451D-817A-B836F7182B97} = {D4E4123E-0279-4477-ACA2-312FBBFA504F}
		{94E4A35B-EB49-4BCA-B921-98CB58C450F6} = {72D45900-3124-4C02-8890-BF498D617260}
		{FBD84565-74F2-4167-B8E3-2764DE6BBC8B} = {02CE0291-3E4F-4EC0-ADFA-CD65396B7A1E}
		{98FB63FF-E7F7-4608-96E9-3A632C882543} = {57FD9230-9E81-4368-AFEF-01E6DDBAA638}
		{4701E647-C944-4670-9BFA-1F8AF84720E4} = {02CE0291-3E4F-4EC0-ADFA-CD65396B7A1E}
		{065F60D3-B2DA-4CE1-80C7-2EF5F97BAA56} = {57FD9230-9E81-4368-AFEF-01E6DDBAA638}
	EndGlobalSection
	GlobalSection(ExtensibilityGlobals) = postSolution
		SolutionGuid = {D1B03BED-D1CE-4EB8-989B-05F816DFAD69}
	EndGlobalSection
EndGlobal
